
Microsoft Visual Studio Solution File, Format Version 12.00
# Visual Studio Version 17
VisualStudioVersion = 17.10.35027.167
MinimumVisualStudioVersion = 10.0.40219.1
Project("{FAE04EC0-301F-11D3-BF4B-00C04F79EFBC}") = "MinMAxValue", "MinMAxValue\MinMAxValue.csproj", "{B36B413A-3CE5-4EBC-918E-4C27AD745099}"
EndProject
Global
	GlobalSection(SolutionConfigurationPlatforms) = preSolution
		Debug|Any CPU = Debug|Any CPU
		Release|Any CPU = Release|Any CPU
	EndGlobalSection
	GlobalSection(ProjectConfigurationPlatforms) = postSolution
		{B36B413A-3CE5-4EBC-918E-4C27AD745099}.Debug|Any CPU.ActiveCfg = Debug|Any CPU
		{B36B413A-3CE5-4EBC-918E-4C27AD745099}.Debug|Any CPU.Build.0 = Debug|Any CPU
		{B36B413A-3CE5-4EBC-918E-4C27AD745099}.Release|Any CPU.ActiveCfg = Release|Any CPU
		{B36B413A-3CE5-4EBC-918E-4C27AD745099}.Release|Any CPU.Build.0 = Release|Any CPU
	EndGlobalSection
	GlobalSection(SolutionProperties) = preSolution
		HideSolutionNode = FALSE
	EndGlobalSection
	GlobalSection(ExtensibilityGlobals) = postSolution
		SolutionGuid = {28194C0A-F4F8-4A5E-94C5-522D7927B025}
	EndGlobalSection
EndGlobal
